
Microsoft Visual Studio Solution File, Format Version 12.00
# Visual Studio 15
VisualStudioVersion = 15.0.28307.168
MinimumVisualStudioVersion = 10.0.40219.1
Project("{FAE04EC0-301F-11D3-BF4B-00C04F79EFBC}") = "MadMapperRemote.Console", "MadMapperRemote.Console\MadMapperRemote.Console.csproj", "{8B306A8D-6947-48FE-9C85-4BFA53404178}"
EndProject
Project("{9A19103F-16F7-4668-BE54-9A1E7A4F7556}") = "MadMapperRemote.Core", "MadMapperRemote.Core\MadMapperRemote.Core.csproj", "{589A031D-DE96-4516-9FAC-51D40CDA3482}"
EndProject
Global
	GlobalSection(SolutionConfigurationPlatforms) = preSolution
		Debug|Any CPU = Debug|Any CPU
		Release|Any CPU = Release|Any CPU
	EndGlobalSection
	GlobalSection(ProjectConfigurationPlatforms) = postSolution
		{8B306A8D-6947-48FE-9C85-4BFA53404178}.Debug|Any CPU.ActiveCfg = Debug|Any CPU
		{8B306A8D-6947-48FE-9C85-4BFA53404178}.Debug|Any CPU.Build.0 = Debug|Any CPU
		{8B306A8D-6947-48FE-9C85-4BFA53404178}.Release|Any CPU.ActiveCfg = Release|Any CPU
		{8B306A8D-6947-48FE-9C85-4BFA53404178}.Release|Any CPU.Build.0 = Release|Any CPU
		{589A031D-DE96-4516-9FAC-51D40CDA3482}.Debug|Any CPU.ActiveCfg = Debug|Any CPU
		{589A031D-DE96-4516-9FAC-51D40CDA3482}.Debug|Any CPU.Build.0 = Debug|Any CPU
		{589A031D-DE96-4516-9FAC-51D40CDA3482}.Release|Any CPU.ActiveCfg = Release|Any CPU
		{589A031D-DE96-4516-9FAC-51D40CDA3482}.Release|Any CPU.Build.0 = Release|Any CPU
	EndGlobalSection
	GlobalSection(SolutionProperties) = preSolution
		HideSolutionNode = FALSE
	EndGlobalSection
	GlobalSection(ExtensibilityGlobals) = postSolution
		SolutionGuid = {C7A62F4D-42AF-4EDC-BC3E-8275766F2D4F}
	EndGlobalSection
EndGlobal
